
Microsoft Visual Studio Solution File, Format Version 12.00
# Visual Studio 15
VisualStudioVersion = 15.0.27428.1
MinimumVisualStudioVersion = 10.0.40219.1
Project("{F184B08F-C81C-45F6-A57F-5ABD9991F28F}") = "WindowsApp1", "SQL_Server_VB\WindowsApp1.vbproj", "{ECFF6AD2-495F-41BE-928C-43A2AC6D64B5}"
EndProject
Global
	GlobalSection(SolutionConfigurationPlatforms) = preSolution
		Debug|Any CPU = Debug|Any CPU
		Release|Any CPU = Release|Any CPU
	EndGlobalSection
	GlobalSection(ProjectConfigurationPlatforms) = postSolution
		{ECFF6AD2-495F-41BE-928C-43A2AC6D64B5}.Debug|Any CPU.ActiveCfg = Debug|Any CPU
		{ECFF6AD2-495F-41BE-928C-43A2AC6D64B5}.Debug|Any CPU.Build.0 = Debug|Any CPU
		{ECFF6AD2-495F-41BE-928C-43A2AC6D64B5}.Release|Any CPU.ActiveCfg = Release|Any CPU
		{ECFF6AD2-495F-41BE-928C-43A2AC6D64B5}.Release|Any CPU.Build.0 = Release|Any CPU
	EndGlobalSection
	GlobalSection(SolutionProperties) = preSolution
		HideSolutionNode = FALSE
	EndGlobalSection
	GlobalSection(ExtensibilityGlobals) = postSolution
		SolutionGuid = {5A76BA05-1632-4ABB-A40F-028C5AC9895E}
	EndGlobalSection
EndGlobal
